
Microsoft Visual Studio Solution File, Format Version 12.00
# Visual Studio Version 16
VisualStudioVersion = 16.0.31727.386
MinimumVisualStudioVersion = 10.0.40219.1
Project("{9A19103F-16F7-4668-BE54-9A1E7A4F7556}") = "TicketViewer.App.CLI", "TicketViewer.App.CLI\TicketViewer.App.CLI.csproj", "{40E50B4D-12D6-4C07-9426-F0AF18A04A33}"
EndProject
Project("{9A19103F-16F7-4668-BE54-9A1E7A4F7556}") = "TicketViewer.Model", "TicketViewer.Model\TicketViewer.Model.csproj", "{53340F8C-4456-46DC-BDC5-A1D1C933421B}"
EndProject
Project("{9A19103F-16F7-4668-BE54-9A1E7A4F7556}") = "TicketViewer.Services", "TicketViewer.Services\TicketViewer.Services.csproj", "{FB01E0CA-F90A-404A-B7C9-7AB37B61508C}"
EndProject
Project("{9A19103F-16F7-4668-BE54-9A1E7A4F7556}") = "TicketViewer.Common", "TicketViewer.Common\TicketViewer.Common.csproj", "{915F536C-4356-4F8A-AAA0-4E72D62F438B}"
EndProject
Project("{FAE04EC0-301F-11D3-BF4B-00C04F79EFBC}") = "TicketViewer.App.Web", "TicketViewer.App.Web\TicketViewer.App.Web.csproj", "{FEA71CA9-E3D7-4B00-95AD-830419925116}"
EndProject
Project("{FAE04EC0-301F-11D3-BF4B-00C04F79EFBC}") = "TicketViewer.Tests", "TicketViewer.Tests\TicketViewer.Tests.csproj", "{2D3B2B81-CCBF-4464-96A7-342BBA06C24D}"
EndProject
Global
	GlobalSection(SolutionConfigurationPlatforms) = preSolution
		Debug|Any CPU = Debug|Any CPU
		Release|Any CPU = Release|Any CPU
	EndGlobalSection
	GlobalSection(ProjectConfigurationPlatforms) = postSolution
		{40E50B4D-12D6-4C07-9426-F0AF18A04A33}.Debug|Any CPU.ActiveCfg = Debug|Any CPU
		{40E50B4D-12D6-4C07-9426-F0AF18A04A33}.Debug|Any CPU.Build.0 = Debug|Any CPU
		{40E50B4D-12D6-4C07-9426-F0AF18A04A33}.Release|Any CPU.ActiveCfg = Release|Any CPU
		{40E50B4D-12D6-4C07-9426-F0AF18A04A33}.Release|Any CPU.Build.0 = Release|Any CPU
		{53340F8C-4456-46DC-BDC5-A1D1C933421B}.Debug|Any CPU.ActiveCfg = Debug|Any CPU
		{53340F8C-4456-46DC-BDC5-A1D1C933421B}.Debug|Any CPU.Build.0 = Debug|Any CPU
		{53340F8C-4456-46DC-BDC5-A1D1C933421B}.Release|Any CPU.ActiveCfg = Release|Any CPU
		{53340F8C-4456-46DC-BDC5-A1D1C933421B}.Release|Any CPU.Build.0 = Release|Any CPU
		{FB01E0CA-F90A-404A-B7C9-7AB37B61508C}.Debug|Any CPU.ActiveCfg = Debug|Any CPU
		{FB01E0CA-F90A-404A-B7C9-7AB37B61508C}.Debug|Any CPU.Build.0 = Debug|Any CPU
		{FB01E0CA-F90A-404A-B7C9-7AB37B61508C}.Release|Any CPU.ActiveCfg = Release|Any CPU
		{FB01E0CA-F90A-404A-B7C9-7AB37B61508C}.Release|Any CPU.Build.0 = Release|Any CPU
		{915F536C-4356-4F8A-AAA0-4E72D62F438B}.Debug|Any CPU.ActiveCfg = Debug|Any CPU
		{915F536C-4356-4F8A-AAA0-4E72D62F438B}.Debug|Any CPU.Build.0 = Debug|Any CPU
		{915F536C-4356-4F8A-AAA0-4E72D62F438B}.Release|Any CPU.ActiveCfg = Release|Any CPU
		{915F536C-4356-4F8A-AAA0-4E72D62F438B}.Release|Any CPU.Build.0 = Release|Any CPU
		{FEA71CA9-E3D7-4B00-95AD-830419925116}.Debug|Any CPU.ActiveCfg = Debug|Any CPU
		{FEA71CA9-E3D7-4B00-95AD-830419925116}.Debug|Any CPU.Build.0 = Debug|Any CPU
		{FEA71CA9-E3D7-4B00-95AD-830419925116}.Release|Any CPU.ActiveCfg = Release|Any CPU
		{FEA71CA9-E3D7-4B00-95AD-830419925116}.Release|Any CPU.Build.0 = Release|Any CPU
		{2D3B2B81-CCBF-4464-96A7-342BBA06C24D}.Debug|Any CPU.ActiveCfg = Debug|Any CPU
		{2D3B2B81-CCBF-4464-96A7-342BBA06C24D}.Debug|Any CPU.Build.0 = Debug|Any CPU
		{2D3B2B81-CCBF-4464-96A7-342BBA06C24D}.Release|Any CPU.ActiveCfg = Release|Any CPU
		{2D3B2B81-CCBF-4464-96A7-342BBA06C24D}.Release|Any CPU.Build.0 = Release|Any CPU
	EndGlobalSection
	GlobalSection(SolutionProperties) = preSolution
		HideSolutionNode = FALSE
	EndGlobalSection
	GlobalSection(ExtensibilityGlobals) = postSolution
		SolutionGuid = {B6097FE0-C4EB-4173-885B-D87EAF32F6F6}
	EndGlobalSection
EndGlobal
